
Microsoft Visual Studio Solution File, Format Version 12.00
# Visual Studio Version 16
VisualStudioVersion = 16.0.31321.278
MinimumVisualStudioVersion = 10.0.40219.1
Project("{9A19103F-16F7-4668-BE54-9A1E7A4F7556}") = "TigergraphCoreAPI", "TigergraphCoreAPI.csproj", "{F977C557-913D-413B-B337-456A092DF55E}"
EndProject
Project("{FAE04EC0-301F-11D3-BF4B-00C04F79EFBC}") = "TigerGraphLib", "TigerGraphLib\TigerGraphLib.csproj", "{E287C975-A5A5-480E-92D1-9FCB1BA991AD}"
EndProject
Global
	GlobalSection(SolutionConfigurationPlatforms) = preSolution
		Debug|Any CPU = Debug|Any CPU
		Release|Any CPU = Release|Any CPU
	EndGlobalSection
	GlobalSection(ProjectConfigurationPlatforms) = postSolution
		{F977C557-913D-413B-B337-456A092DF55E}.Debug|Any CPU.ActiveCfg = Debug|Any CPU
		{F977C557-913D-413B-B337-456A092DF55E}.Debug|Any CPU.Build.0 = Debug|Any CPU
		{F977C557-913D-413B-B337-456A092DF55E}.Release|Any CPU.ActiveCfg = Release|Any CPU
		{F977C557-913D-413B-B337-456A092DF55E}.Release|Any CPU.Build.0 = Release|Any CPU
		{E287C975-A5A5-480E-92D1-9FCB1BA991AD}.Debug|Any CPU.ActiveCfg = Debug|Any CPU
		{E287C975-A5A5-480E-92D1-9FCB1BA991AD}.Debug|Any CPU.Build.0 = Debug|Any CPU
		{E287C975-A5A5-480E-92D1-9FCB1BA991AD}.Release|Any CPU.ActiveCfg = Release|Any CPU
		{E287C975-A5A5-480E-92D1-9FCB1BA991AD}.Release|Any CPU.Build.0 = Release|Any CPU
	EndGlobalSection
	GlobalSection(SolutionProperties) = preSolution
		HideSolutionNode = FALSE
	EndGlobalSection
	GlobalSection(ExtensibilityGlobals) = postSolution
		SolutionGuid = {50F109C4-844A-4A84-84B3-ACAD1F455FEC}
	EndGlobalSection
EndGlobal
